
Microsoft Visual Studio Solution File, Format Version 12.00
# Visual Studio 15
VisualStudioVersion = 15.0.27428.2027
MinimumVisualStudioVersion = 10.0.40219.1
Project("{FAE04EC0-301F-11D3-BF4B-00C04F79EFBC}") = "S7App.Android", "S7App\S7App.Android\S7App.Android.csproj", "{2C6B7F96-F37C-40BE-83B6-9C2631B9F361}"
EndProject
Project("{FAE04EC0-301F-11D3-BF4B-00C04F79EFBC}") = "S7App.iOS", "S7App\S7App.iOS\S7App.iOS.csproj", "{50872BD9-97A6-4198-B35C-2B07720372C5}"
EndProject
Project("{FAE04EC0-301F-11D3-BF4B-00C04F79EFBC}") = "S7App", "S7App\S7App\S7App.csproj", "{0ABDAA7E-31B4-4CDE-AEE3-C344EE46DF80}"
EndProject
Global
	GlobalSection(SolutionConfigurationPlatforms) = preSolution
		Ad-Hoc|Any CPU = Ad-Hoc|Any CPU
		Ad-Hoc|iPhone = Ad-Hoc|iPhone
		Ad-Hoc|iPhoneSimulator = Ad-Hoc|iPhoneSimulator
		AppStore|Any CPU = AppStore|Any CPU
		AppStore|iPhone = AppStore|iPhone
		AppStore|iPhoneSimulator = AppStore|iPhoneSimulator
		Debug|Any CPU = Debug|Any CPU
		Debug|iPhone = Debug|iPhone
		Debug|iPhoneSimulator = Debug|iPhoneSimulator
		Release|Any CPU = Release|Any CPU
		Release|iPhone = Release|iPhone
		Release|iPhoneSimulator = Release|iPhoneSimulator
	EndGlobalSection
	GlobalSection(ProjectConfigurationPlatforms) = postSolution
		{2C6B7F96-F37C-40BE-83B6-9C2631B9F361}.Ad-Hoc|Any CPU.ActiveCfg = Release|Any CPU
		{2C6B7F96-F37C-40BE-83B6-9C2631B9F361}.Ad-Hoc|Any CPU.Build.0 = Release|Any CPU
		{2C6B7F96-F37C-40BE-83B6-9C2631B9F361}.Ad-Hoc|Any CPU.Deploy.0 = Release|Any CPU
		{2C6B7F96-F37C-40BE-83B6-9C2631B9F361}.Ad-Hoc|iPhone.ActiveCfg = Release|Any CPU
		{2C6B7F96-F37C-40BE-83B6-9C2631B9F361}.Ad-Hoc|iPhone.Build.0 = Release|Any CPU
		{2C6B7F96-F37C-40BE-83B6-9C2631B9F361}.Ad-Hoc|iPhone.Deploy.0 = Release|Any CPU
		{2C6B7F96-F37C-40BE-83B6-9C2631B9F361}.Ad-Hoc|iPhoneSimulator.ActiveCfg = Release|Any CPU
		{2C6B7F96-F37C-40BE-83B6-9C2631B9F361}.Ad-Hoc|iPhoneSimulator.Build.0 = Release|Any CPU
		{2C6B7F96-F37C-40BE-83B6-9C2631B9F361}.Ad-Hoc|iPhoneSimulator.Deploy.0 = Release|Any CPU
		{2C6B7F96-F37C-40BE-83B6-9C2631B9F361}.AppStore|Any CPU.ActiveCfg = Release|Any CPU
		{2C6B7F96-F37C-40BE-83B6-9C2631B9F361}.AppStore|Any CPU.Build.0 = Release|Any CPU
		{2C6B7F96-F37C-40BE-83B6-9C2631B9F361}.AppStore|Any CPU.Deploy.0 = Release|Any CPU
		{2C6B7F96-F37C-40BE-83B6-9C2631B9F361}.AppStore|iPhone.ActiveCfg = Release|Any CPU
		{2C6B7F96-F37C-40BE-83B6-9C2631B9F361}.AppStore|iPhone.Build.0 = Release|Any CPU
		{2C6B7F96-F37C-40BE-83B6-9C2631B9F361}.AppStore|iPhone.Deploy.0 = Release|Any CPU
		{2C6B7F96-F37C-40BE-83B6-9C2631B9F361}.AppStore|iPhoneSimulator.ActiveCfg = Release|Any CPU
		{2C6B7F96-F37C-40BE-83B6-9C2631B9F361}.AppStore|iPhoneSimulator.Build.0 = Release|Any CPU
		{2C6B7F96-F37C-40BE-83B6-9C2631B9F361}.AppStore|iPhoneSimulator.Deploy.0 = Release|Any CPU
		{2C6B7F96-F37C-40BE-83B6-9C2631B9F361}.Debug|Any CPU.ActiveCfg = Debug|Any CPU
		{2C6B7F96-F37C-40BE-83B6-9C2631B9F361}.Debug|Any CPU.Build.0 = Debug|Any CPU
		{2C6B7F96-F37C-40BE-83B6-9C2631B9F361}.Debug|Any CPU.Deploy.0 = Debug|Any CPU
		{2C6B7F96-F37C-40BE-83B6-9C2631B9F361}.Debug|iPhone.ActiveCfg = Debug|Any CPU
		{2C6B7F96-F37C-40BE-83B6-9C2631B9F361}.Debug|iPhone.Build.0 = Debug|Any CPU
		{2C6B7F96-F37C-40BE-83B6-9C2631B9F361}.Debug|iPhone.Deploy.0 = Debug|Any CPU
		{2C6B7F96-F37C-40BE-83B6-9C2631B9F361}.Debug|iPhoneSimulator.ActiveCfg = Debug|Any CPU
		{2C6B7F96-F37C-40BE-83B6-9C2631B9F361}.Debug|iPhoneSimulator.Build.0 = Debug|Any CPU
		{2C6B7F96-F37C-40BE-83B6-9C2631B9F361}.Debug|iPhoneSimulator.Deploy.0 = Debug|Any CPU
		{2C6B7F96-F37C-40BE-83B6-9C2631B9F361}.Release|Any CPU.ActiveCfg = Release|Any CPU
		{2C6B7F96-F37C-40BE-83B6-9C2631B9F361}.Release|Any CPU.Build.0 = Release|Any CPU
		{2C6B7F96-F37C-40BE-83B6-9C2631B9F361}.Release|Any CPU.Deploy.0 = Release|Any CPU
		{2C6B7F96-F37C-40BE-83B6-9C2631B9F361}.Release|iPhone.ActiveCfg = Release|Any CPU
		{2C6B7F96-F37C-40BE-83B6-9C2631B9F361}.Release|iPhone.Build.0 = Release|Any CPU
		{2C6B7F96-F37C-40BE-83B6-9C2631B9F361}.Release|iPhone.Deploy.0 = Release|Any CPU
		{2C6B7F96-F37C-40BE-83B6-9C2631B9F361}.Release|iPhoneSimulator.ActiveCfg = Release|Any CPU
		{2C6B7F96-F37C-40BE-83B6-9C2631B9F361}.Release|iPhoneSimulator.Build.0 = Release|Any CPU
		{2C6B7F96-F37C-40BE-83B6-9C2631B9F361}.Release|iPhoneSimulator.Deploy.0 = Release|Any CPU
		{50872BD9-97A6-4198-B35C-2B07720372C5}.Ad-Hoc|Any CPU.ActiveCfg = Ad-Hoc|iPhone
		{50872BD9-97A6-4198-B35C-2B07720372C5}.Ad-Hoc|iPhone.ActiveCfg = Ad-Hoc|iPhone
		{50872BD9-97A6-4198-B35C-2B07720372C5}.Ad-Hoc|iPhone.Build.0 = Ad-Hoc|iPhone
		{50872BD9-97A6-4198-B35C-2B07720372C5}.Ad-Hoc|iPhoneSimulator.ActiveCfg = Ad-Hoc|iPhoneSimulator
		{50872BD9-97A6-4198-B35C-2B07720372C5}.Ad-Hoc|iPhoneSimulator.Build.0 = Ad-Hoc|iPhoneSimulator
		{50872BD9-97A6-4198-B35C-2B07720372C5}.AppStore|Any CPU.ActiveCfg = AppStore|iPhone
		{50872BD9-97A6-4198-B35C-2B07720372C5}.AppStore|iPhone.ActiveCfg = AppStore|iPhone
		{50872BD9-97A6-4198-B35C-2B07720372C5}.AppStore|iPhone.Build.0 = AppStore|iPhone
		{50872BD9-97A6-4198-B35C-2B07720372C5}.AppStore|iPhoneSimulator.ActiveCfg = AppStore|iPhoneSimulator
		{50872BD9-97A6-4198-B35C-2B07720372C5}.AppStore|iPhoneSimulator.Build.0 = AppStore|iPhoneSimulator
		{50872BD9-97A6-4198-B35C-2B07720372C5}.Debug|Any CPU.ActiveCfg = Debug|iPhone
		{50872BD9-97A6-4198-B35C-2B07720372C5}.Debug|iPhone.ActiveCfg = Debug|iPhone
		{50872BD9-97A6-4198-B35C-2B07720372C5}.Debug|iPhone.Build.0 = Debug|iPhone
		{50872BD9-97A6-4198-B35C-2B07720372C5}.Debug|iPhoneSimulator.ActiveCfg = Debug|iPhoneSimulator
		{50872BD9-97A6-4198-B35C-2B07720372C5}.Debug|iPhoneSimulator.Build.0 = Debug|iPhoneSimulator
		{50872BD9-97A6-4198-B35C-2B07720372C5}.Release|Any CPU.ActiveCfg = Release|iPhone
		{50872BD9-97A6-4198-B35C-2B07720372C5}.Release|iPhone.ActiveCfg = Release|iPhone
		{50872BD9-97A6-4198-B35C-2B07720372C5}.Release|iPhone.Build.0 = Release|iPhone
		{50872BD9-97A6-4198-B35C-2B07720372C5}.Release|iPhoneSimulator.ActiveCfg = Release|iPhoneSimulator
		{50872BD9-97A6-4198-B35C-2B07720372C5}.Release|iPhoneSimulator.Build.0 = Release|iPhoneSimulator
		{0ABDAA7E-31B4-4CDE-AEE3-C344EE46DF80}.Ad-Hoc|Any CPU.ActiveCfg = Debug|Any CPU
		{0ABDAA7E-31B4-4CDE-AEE3-C344EE46DF80}.Ad-Hoc|Any CPU.Build.0 = Debug|Any CPU
		{0ABDAA7E-31B4-4CDE-AEE3-C344EE46DF80}.Ad-Hoc|iPhone.ActiveCfg = Debug|Any CPU
		{0ABDAA7E-31B4-4CDE-AEE3-C344EE46DF80}.Ad-Hoc|iPhone.Build.0 = Debug|Any CPU
		{0ABDAA7E-31B4-4CDE-AEE3-C344EE46DF80}.Ad-Hoc|iPhoneSimulator.ActiveCfg = Debug|Any CPU
		{0ABDAA7E-31B4-4CDE-AEE3-C344EE46DF80}.Ad-Hoc|iPhoneSimulator.Build.0 = Debug|Any CPU
		{0ABDAA7E-31B4-4CDE-AEE3-C344EE46DF80}.AppStore|Any CPU.ActiveCfg = Debug|Any CPU
		{0ABDAA7E-31B4-4CDE-AEE3-C344EE46DF80}.AppStore|Any CPU.Build.0 = Debug|Any CPU
		{0ABDAA7E-31B4-4CDE-AEE3-C344EE46DF80}.AppStore|iPhone.ActiveCfg = Debug|Any CPU
		{0ABDAA7E-31B4-4CDE-AEE3-C344EE46DF80}.AppStore|iPhone.Build.0 = Debug|Any CPU
		{0ABDAA7E-31B4-4CDE-AEE3-C344EE46DF80}.AppStore|iPhoneSimulator.ActiveCfg = Debug|Any CPU
		{0ABDAA7E-31B4-4CDE-AEE3-C344EE46DF80}.AppStore|iPhoneSimulator.Build.0 = Debug|Any CPU
		{0ABDAA7E-31B4-4CDE-AEE3-C344EE46DF80}.Debug|Any CPU.ActiveCfg = Debug|Any CPU
		{0ABDAA7E-31B4-4CDE-AEE3-C344EE46DF80}.Debug|Any CPU.Build.0 = Debug|Any CPU
		{0ABDAA7E-31B4-4CDE-AEE3-C344EE46DF80}.Debug|iPhone.ActiveCfg = Debug|Any CPU
		{0ABDAA7E-31B4-4CDE-AEE3-C344EE46DF80}.Debug|iPhone.Build.0 = Debug|Any CPU
		{0ABDAA7E-31B4-4CDE-AEE3-C344EE46DF80}.Debug|iPhoneSimulator.ActiveCfg = Debug|Any CPU
		{0ABDAA7E-31B4-4CDE-AEE3-C344EE46DF80}.Debug|iPhoneSimulator.Build.0 = Debug|Any CPU
		{0ABDAA7E-31B4-4CDE-AEE3-C344EE46DF80}.Release|Any CPU.ActiveCfg = Release|Any CPU
		{0ABDAA7E-31B4-4CDE-AEE3-C344EE46DF80}.Release|Any CPU.Build.0 = Release|Any CPU
		{0ABDAA7E-31B4-4CDE-AEE3-C344EE46DF80}.Release|iPhone.ActiveCfg = Release|Any CPU
		{0ABDAA7E-31B4-4CDE-AEE3-C344EE46DF80}.Release|iPhone.Build.0 = Release|Any CPU
		{0ABDAA7E-31B4-4CDE-AEE3-C344EE46DF80}.Release|iPhoneSimulator.ActiveCfg = Release|Any CPU
		{0ABDAA7E-31B4-4CDE-AEE3-C344EE46DF80}.Release|iPhoneSimulator.Build.0 = Release|Any CPU
	EndGlobalSection
	GlobalSection(SolutionProperties) = preSolution
		HideSolutionNode = FALSE
	EndGlobalSection
	GlobalSection(ExtensibilityGlobals) = postSolution
		SolutionGuid = {3EB3A0FB-5167-4050-BEEE-1D9B1DB49290}
	EndGlobalSection
EndGlobal
